// !$*UTF8*$!
{
	archiveVersion = 1;
	classes = {
	};
	objectVersion = 50;
	objects = {

/* Begin PBXBuildFile section */
		26CF15BB22F98BD6004743DD /* CropMaskView.swift in Sources */ = {isa = PBXBuildFile; fileRef = 26CF15AC22F98BD6004743DD /* CropMaskView.swift */; };
		26CF15BC22F98BD6004743DD /* VideoCropView.swift in Sources */ = {isa = PBXBuildFile; fileRef = 26CF15AD22F98BD6004743DD /* VideoCropView.swift */; };
		26CF15BD22F98BD6004743DD /* VideoScrollView.swift in Sources */ = {isa = PBXBuildFile; fileRef = 26CF15AE22F98BD6004743DD /* VideoScrollView.swift */; };
		26CF15BE22F98BD6004743DD /* MainTrimmerView.swift in Sources */ = {isa = PBXBuildFile; fileRef = 26CF15AF22F98BD6004743DD /* MainTrimmerView.swift */; };
		26CF15BF22F98BD6004743DD /* AssetVideoScrollView.swift in Sources */ = {isa = PBXBuildFile; fileRef = 26CF15B122F98BD6004743DD /* AssetVideoScrollView.swift */; };
		26CF15C022F98BD6004743DD /* AVAssetTimeSelector.swift in Sources */ = {isa = PBXBuildFile; fileRef = 26CF15B222F98BD6004743DD /* AVAssetTimeSelector.swift */; };
		26CF15C122F98BD6004743DD /* ThumbSelectorView.swift in Sources */ = {isa = PBXBuildFile; fileRef = 26CF15B322F98BD6004743DD /* ThumbSelectorView.swift */; };
		26CF15C222F98BD6004743DD /* TimestampScrollView.swift in Sources */ = {isa = PBXBuildFile; fileRef = 26CF15B422F98BD6004743DD /* TimestampScrollView.swift */; };
		26CF15C322F98BD6004743DD /* HandlerView.swift in Sources */ = {isa = PBXBuildFile; fileRef = 26CF15B622F98BD6004743DD /* HandlerView.swift */; };
		26CF15C422F98BD6004743DD /* PryntTrimmerView.swift in Sources */ = {isa = PBXBuildFile; fileRef = 26CF15B722F98BD6004743DD /* PryntTrimmerView.swift */; };
		26CF15C622F98BD6004743DD /* PryntTrimmerView.h in Headers */ = {isa = PBXBuildFile; fileRef = 26CF15B922F98BD6004743DD /* PryntTrimmerView.h */; };
/* End PBXBuildFile section */

/* Begin PBXFileReference section */
		26CF159D22F98B97004743DD /* TrimmerView.framework */ = {isa = PBXFileReference; explicitFileType = wrapper.framework; includeInIndex = 0; path = TrimmerView.framework; sourceTree = BUILT_PRODUCTS_DIR; };
		26CF15AA22F98BD6004743DD /* .gitkeep */ = {isa = PBXFileReference; fileEncoding = 4; lastKnownFileType = text; path = .gitkeep; sourceTree = "<group>"; };
		26CF15AC22F98BD6004743DD /* CropMaskView.swift */ = {isa = PBXFileReference; fileEncoding = 4; lastKnownFileType = sourcecode.swift; path = CropMaskView.swift; sourceTree = "<group>"; };
		26CF15AD22F98BD6004743DD /* VideoCropView.swift */ = {isa = PBXFileReference; fileEncoding = 4; lastKnownFileType = sourcecode.swift; path = VideoCropView.swift; sourceTree = "<group>"; };
		26CF15AE22F98BD6004743DD /* VideoScrollView.swift */ = {isa = PBXFileReference; fileEncoding = 4; lastKnownFileType = sourcecode.swift; path = VideoScrollView.swift; sourceTree = "<group>"; };
		26CF15AF22F98BD6004743DD /* MainTrimmerView.swift */ = {isa = PBXFileReference; fileEncoding = 4; lastKnownFileType = sourcecode.swift; path = MainTrimmerView.swift; sourceTree = "<group>"; };
		26CF15B122F98BD6004743DD /* AssetVideoScrollView.swift */ = {isa = PBXFileReference; fileEncoding = 4; lastKnownFileType = sourcecode.swift; path = AssetVideoScrollView.swift; sourceTree = "<group>"; };
		26CF15B222F98BD6004743DD /* AVAssetTimeSelector.swift */ = {isa = PBXFileReference; fileEncoding = 4; lastKnownFileType = sourcecode.swift; path = AVAssetTimeSelector.swift; sourceTree = "<group>"; };
		26CF15B322F98BD6004743DD /* ThumbSelectorView.swift */ = {isa = PBXFileReference; fileEncoding = 4; lastKnownFileType = sourcecode.swift; path = ThumbSelectorView.swift; sourceTree = "<group>"; };
		26CF15B422F98BD6004743DD /* TimestampScrollView.swift */ = {isa = PBXFileReference; fileEncoding = 4; lastKnownFileType = sourcecode.swift; path = TimestampScrollView.swift; sourceTree = "<group>"; };
		26CF15B622F98BD6004743DD /* HandlerView.swift */ = {isa = PBXFileReference; fileEncoding = 4; lastKnownFileType = sourcecode.swift; path = HandlerView.swift; sourceTree = "<group>"; };
		26CF15B722F98BD6004743DD /* PryntTrimmerView.swift */ = {isa = PBXFileReference; fileEncoding = 4; lastKnownFileType = sourcecode.swift; path = PryntTrimmerView.swift; sourceTree = "<group>"; };
		26CF15B822F98BD6004743DD /* Info.plist */ = {isa = PBXFileReference; fileEncoding = 4; lastKnownFileType = text.plist.xml; path = Info.plist; sourceTree = "<group>"; };
		26CF15B922F98BD6004743DD /* PryntTrimmerView.h */ = {isa = PBXFileReference; fileEncoding = 4; lastKnownFileType = sourcecode.c.h; path = PryntTrimmerView.h; sourceTree = "<group>"; };
/* End PBXFileReference section */

/* Begin PBXFrameworksBuildPhase section */
		26CF159A22F98B97004743DD /* Frameworks */ = {
			isa = PBXFrameworksBuildPhase;
			buildActionMask = 2147483647;
			files = (
			);
			runOnlyForDeploymentPostprocessing = 0;
		};
/* End PBXFrameworksBuildPhase section */

/* Begin PBXGroup section */
		26CF159322F98B97004743DD = {
			isa = PBXGroup;
			children = (
				26CF15A822F98BD6004743DD /* PryntTrimmerView */,
				26CF159E22F98B97004743DD /* Products */,
			);
			sourceTree = "<group>";
		};
		26CF159E22F98B97004743DD /* Products */ = {
			isa = PBXGroup;
			children = (
				26CF159D22F98B97004743DD /* TrimmerView.framework */,
			);
			name = Products;
			sourceTree = "<group>";
		};
		26CF15A822F98BD6004743DD /* PryntTrimmerView */ = {
			isa = PBXGroup;
			children = (
				26CF15A922F98BD6004743DD /* Classes */,
				26CF15B822F98BD6004743DD /* Info.plist */,
				26CF15B922F98BD6004743DD /* PryntTrimmerView.h */,
			);
			path = PryntTrimmerView;
			sourceTree = "<group>";
		};
		26CF15A922F98BD6004743DD /* Classes */ = {
			isa = PBXGroup;
			children = (
				26CF15AA22F98BD6004743DD /* .gitkeep */,
				26CF15AB22F98BD6004743DD /* Cropper */,
				26CF15AF22F98BD6004743DD /* MainTrimmerView.swift */,
				26CF15B022F98BD6004743DD /* Parents */,
				26CF15B322F98BD6004743DD /* ThumbSelectorView.swift */,
				26CF15B422F98BD6004743DD /* TimestampScrollView.swift */,
				26CF15B522F98BD6004743DD /* Trimmer */,
			);
			path = Classes;
			sourceTree = "<group>";
		};
		26CF15AB22F98BD6004743DD /* Cropper */ = {
			isa = PBXGroup;
			children = (
				26CF15AC22F98BD6004743DD /* CropMaskView.swift */,
				26CF15AD22F98BD6004743DD /* VideoCropView.swift */,
				26CF15AE22F98BD6004743DD /* VideoScrollView.swift */,
			);
			path = Cropper;
			sourceTree = "<group>";
		};
		26CF15B022F98BD6004743DD /* Parents */ = {
			isa = PBXGroup;
			children = (
				26CF15B122F98BD6004743DD /* AssetVideoScrollView.swift */,
				26CF15B222F98BD6004743DD /* AVAssetTimeSelector.swift */,
			);
			path = Parents;
			sourceTree = "<group>";
		};
		26CF15B522F98BD6004743DD /* Trimmer */ = {
			isa = PBXGroup;
			children = (
				26CF15B622F98BD6004743DD /* HandlerView.swift */,
				26CF15B722F98BD6004743DD /* PryntTrimmerView.swift */,
			);
			path = Trimmer;
			sourceTree = "<group>";
		};
/* End PBXGroup section */

/* Begin PBXHeadersBuildPhase section */
		26CF159822F98B97004743DD /* Headers */ = {
			isa = PBXHeadersBuildPhase;
			buildActionMask = 2147483647;
			files = (
				26CF15C622F98BD6004743DD /* PryntTrimmerView.h in Headers */,
			);
			runOnlyForDeploymentPostprocessing = 0;
		};
/* End PBXHeadersBuildPhase section */

/* Begin PBXNativeTarget section */
		26CF159C22F98B97004743DD /* TrimmerView */ = {
			isa = PBXNativeTarget;
			buildConfigurationList = 26CF15A522F98B97004743DD /* Build configuration list for PBXNativeTarget "TrimmerView" */;
			buildPhases = (
				26CF159822F98B97004743DD /* Headers */,
				26CF159922F98B97004743DD /* Sources */,
				26CF159A22F98B97004743DD /* Frameworks */,
				26CF159B22F98B97004743DD /* Resources */,
			);
			buildRules = (
			);
			dependencies = (
			);
			name = TrimmerView;
			productName = TrimmerView;
			productReference = 26CF159D22F98B97004743DD /* TrimmerView.framework */;
			productType = "com.apple.product-type.framework";
		};
/* End PBXNativeTarget section */

/* Begin PBXProject section */
		26CF159422F98B97004743DD /* Project object */ = {
			isa = PBXProject;
			attributes = {
				LastUpgradeCheck = 1020;
				ORGANIZATIONNAME = "Cosmin Pahomi";
				TargetAttributes = {
					26CF159C22F98B97004743DD = {
						CreatedOnToolsVersion = 10.2.1;
					};
				};
			};
			buildConfigurationList = 26CF159722F98B97004743DD /* Build configuration list for PBXProject "TrimmerView" */;
			compatibilityVersion = "Xcode 9.3";
			developmentRegion = en;
			hasScannedForEncodings = 0;
			knownRegions = (
				en,
				Base,
			);
			mainGroup = 26CF159322F98B97004743DD;
			productRefGroup = 26CF159E22F98B97004743DD /* Products */;
			projectDirPath = "";
			projectRoot = "";
			targets = (
				26CF159C22F98B97004743DD /* TrimmerView */,
			);
		};
/* End PBXProject section */

/* Begin PBXResourcesBuildPhase section */
		26CF159B22F98B97004743DD /* Resources */ = {
			isa = PBXResourcesBuildPhase;
			buildActionMask = 2147483647;
			files = (
			);
			runOnlyForDeploymentPostprocessing = 0;
		};
/* End PBXResourcesBuildPhase section */

/* Begin PBXSourcesBuildPhase section */
		26CF159922F98B97004743DD /* Sources */ = {
			isa = PBXSourcesBuildPhase;
			buildActionMask = 2147483647;
			files = (
				26CF15C322F98BD6004743DD /* HandlerView.swift in Sources */,
				26CF15C422F98BD6004743DD /* PryntTrimmerView.swift in Sources */,
				26CF15C122F98BD6004743DD /* ThumbSelectorView.swift in Sources */,
				26CF15BE22F98BD6004743DD /* MainTrimmerView.swift in Sources */,
				26CF15C222F98BD6004743DD /* TimestampScrollView.swift in Sources */,
				26CF15BC22F98BD6004743DD /* VideoCropView.swift in Sources */,
				26CF15BB22F98BD6004743DD /* CropMaskView.swift in Sources */,
				26CF15C022F98BD6004743DD /* AVAssetTimeSelector.swift in Sources */,
				26CF15BF22F98BD6004743DD /* AssetVideoScrollView.swift in Sources */,
				26CF15BD22F98BD6004743DD /* VideoScrollView.swift in Sources */,
			);
			runOnlyForDeploymentPostprocessing = 0;
		};
/* End PBXSourcesBuildPhase section */

/* Begin XCBuildConfiguration section */
		26CF15A322F98B97004743DD /* Debug */ = {
			isa = XCBuildConfiguration;
			buildSettings = {
				ALWAYS_SEARCH_USER_PATHS = NO;
				CLANG_ANALYZER_NONNULL = YES;
				CLANG_ANALYZER_NUMBER_OBJECT_CONVERSION = YES_AGGRESSIVE;
				CLANG_CXX_LANGUAGE_STANDARD = "gnu++14";
				CLANG_CXX_LIBRARY = "libc++";
				CLANG_ENABLE_MODULES = YES;
				CLANG_ENABLE_OBJC_ARC = YES;
				CLANG_ENABLE_OBJC_WEAK = YES;
				CLANG_WARN_BLOCK_CAPTURE_AUTORELEASING = YES;
				CLANG_WARN_BOOL_CONVERSION = YES;
				CLANG_WARN_COMMA = YES;
				CLANG_WARN_CONSTANT_CONVERSION = YES;
				CLANG_WARN_DEPRECATED_OBJC_IMPLEMENTATIONS = YES;
				CLANG_WARN_DIRECT_OBJC_ISA_USAGE = YES_ERROR;
				CLANG_WARN_DOCUMENTATION_COMMENTS = YES;
				CLANG_WARN_EMPTY_BODY = YES;
				CLANG_WARN_ENUM_CONVERSION = YES;
				CLANG_WARN_INFINITE_RECURSION = YES;
				CLANG_WARN_INT_CONVERSION = YES;
				CLANG_WARN_NON_LITERAL_NULL_CONVERSION = YES;
				CLANG_WARN_OBJC_IMPLICIT_RETAIN_SELF = YES;
				CLANG_WARN_OBJC_LITERAL_CONVERSION = YES;
				CLANG_WARN_OBJC_ROOT_CLASS = YES_ERROR;
				CLANG_WARN_RANGE_LOOP_ANALYSIS = YES;
				CLANG_WARN_STRICT_PROTOTYPES = YES;
				CLANG_WARN_SUSPICIOUS_MOVE = YES;
				CLANG_WARN_UNGUARDED_AVAILABILITY = YES_AGGRESSIVE;
				CLANG_WARN_UNREACHABLE_CODE = YES;
				CLANG_WARN__DUPLICATE_METHOD_MATCH = YES;
				CODE_SIGN_IDENTITY = "iPhone Developer";
				COPY_PHASE_STRIP = NO;
				CURRENT_PROJECT_VERSION = 1;
				DEBUG_INFORMATION_FORMAT = dwarf;
				ENABLE_STRICT_OBJC_MSGSEND = YES;
				ENABLE_TESTABILITY = YES;
				GCC_C_LANGUAGE_STANDARD = gnu11;
				GCC_DYNAMIC_NO_PIC = NO;
				GCC_NO_COMMON_BLOCKS = YES;
				GCC_OPTIMIZATION_LEVEL = 0;
				GCC_PREPROCESSOR_DEFINITIONS = (
					"DEBUG=1",
					"$(inherited)",
				);
				GCC_WARN_64_TO_32_BIT_CONVERSION = YES;
				GCC_WARN_ABOUT_RETURN_TYPE = YES_ERROR;
				GCC_WARN_UNDECLARED_SELECTOR = YES;
				GCC_WARN_UNINITIALIZED_AUTOS = YES_AGGRESSIVE;
				GCC_WARN_UNUSED_FUNCTION = YES;
				GCC_WARN_UNUSED_VARIABLE = YES;
				IPHONEOS_DEPLOYMENT_TARGET = 10.0;
				MTL_ENABLE_DEBUG_INFO = INCLUDE_SOURCE;
				MTL_FAST_MATH = YES;
				ONLY_ACTIVE_ARCH = YES;
				SDKROOT = iphoneos;
				SWIFT_ACTIVE_COMPILATION_CONDITIONS = DEBUG;
				SWIFT_OPTIMIZATION_LEVEL = "-Onone";
				VERSIONING_SYSTEM = "apple-generic";
				VERSION_INFO_PREFIX = "";
			};
			name = Debug;
		};
		26CF15A422F98B97004743DD /* Release */ = {
			isa = XCBuildConfiguration;
			buildSettings = {
				ALWAYS_SEARCH_USER_PATHS = NO;
				CLANG_ANALYZER_NONNULL = YES;
				CLANG_ANALYZER_NUMBER_OBJECT_CONVERSION = YES_AGGRESSIVE;
				CLANG_CXX_LANGUAGE_STANDARD = "gnu++14";
				CLANG_CXX_LIBRARY = "libc++";
				CLANG_ENABLE_MODULES = YES;
				CLANG_ENABLE_OBJC_ARC = YES;
				CLANG_ENABLE_OBJC_WEAK = YES;
				CLANG_WARN_BLOCK_CAPTURE_AUTORELEASING = YES;
				CLANG_WARN_BOOL_CONVERSION = YES;
				CLANG_WARN_COMMA = YES;
				CLANG_WARN_CONSTANT_CONVERSION = YES;
				CLANG_WARN_DEPRECATED_OBJC_IMPLEMENTATIONS = YES;
				CLANG_WARN_DIRECT_OBJC_ISA_USAGE = YES_ERROR;
				CLANG_WARN_DOCUMENTATION_COMMENTS = YES;
				CLANG_WARN_EMPTY_BODY = YES;
				CLANG_WARN_ENUM_CONVERSION = YES;
				CLANG_WARN_INFINITE_RECURSION = YES;
				CLANG_WARN_INT_CONVERSION = YES;
				CLANG_WARN_NON_LITERAL_NULL_CONVERSION = YES;
				CLANG_WARN_OBJC_IMPLICIT_RETAIN_SELF = YES;
				CLANG_WARN_OBJC_LITERAL_CONVERSION = YES;
				CLANG_WARN_OBJC_ROOT_CLASS = YES_ERROR;
				CLANG_WARN_RANGE_LOOP_ANALYSIS = YES;
				CLANG_WARN_STRICT_PROTOTYPES = YES;
				CLANG_WARN_SUSPICIOUS_MOVE = YES;
				CLANG_WARN_UNGUARDED_AVAILABILITY = YES_AGGRESSIVE;
				CLANG_WARN_UNREACHABLE_CODE = YES;
				CLANG_WARN__DUPLICATE_METHOD_MATCH = YES;
				CODE_SIGN_IDENTITY = "iPhone Developer";
				COPY_PHASE_STRIP = NO;
				CURRENT_PROJECT_VERSION = 1;
				DEBUG_INFORMATION_FORMAT = "dwarf-with-dsym";
				ENABLE_NS_ASSERTIONS = NO;
				ENABLE_STRICT_OBJC_MSGSEND = YES;
				GCC_C_LANGUAGE_STANDARD = gnu11;
				GCC_NO_COMMON_BLOCKS = YES;
				GCC_WARN_64_TO_32_BIT_CONVERSION = YES;
				GCC_WARN_ABOUT_RETURN_TYPE = YES_ERROR;
				GCC_WARN_UNDECLARED_SELECTOR = YES;
				GCC_WARN_UNINITIALIZED_AUTOS = YES_AGGRESSIVE;
				GCC_WARN_UNUSED_FUNCTION = YES;
				GCC_WARN_UNUSED_VARIABLE = YES;
				IPHONEOS_DEPLOYMENT_TARGET = 10.0;
				MTL_ENABLE_DEBUG_INFO = NO;
				MTL_FAST_MATH = YES;
				SDKROOT = iphoneos;
				SWIFT_COMPILATION_MODE = wholemodule;
				SWIFT_OPTIMIZATION_LEVEL = "-O";
				VALIDATE_PRODUCT = YES;
				VERSIONING_SYSTEM = "apple-generic";
				VERSION_INFO_PREFIX = "";
			};
			name = Release;
		};
		26CF15A622F98B97004743DD /* Debug */ = {
			isa = XCBuildConfiguration;
			buildSettings = {
				CODE_SIGN_IDENTITY = "";
				CODE_SIGN_STYLE = Automatic;
				DEFINES_MODULE = YES;
				DEVELOPMENT_TEAM = U5NKEW7GZ4;
				DYLIB_COMPATIBILITY_VERSION = 1;
				DYLIB_CURRENT_VERSION = 1;
				DYLIB_INSTALL_NAME_BASE = "@rpath";
				INFOPLIST_FILE = "$(SRCROOT)/PryntTrimmerView/Info.plist";
				INSTALL_PATH = "$(LOCAL_LIBRARY_DIR)/Frameworks";
				IPHONEOS_DEPLOYMENT_TARGET = 10.0;
				LD_RUNPATH_SEARCH_PATHS = (
					"$(inherited)",
					"@executable_path/Frameworks",
					"@loader_path/Frameworks",
				);
				PRODUCT_BUNDLE_IDENTIFIER = com.munkee.TrimmerView;
				PRODUCT_NAME = "$(TARGET_NAME:c99extidentifier)";
				SKIP_INSTALL = YES;
				SWIFT_VERSION = 5.0;
				TARGETED_DEVICE_FAMILY = "1,2";
			};
			name = Debug;
		};
		26CF15A722F98B97004743DD /* Release */ = {
			isa = XCBuildConfiguration;
			buildSettings = {
				CODE_SIGN_IDENTITY = "";
				CODE_SIGN_STYLE = Automatic;
				DEFINES_MODULE = YES;
				DEVELOPMENT_TEAM = U5NKEW7GZ4;
				DYLIB_COMPATIBILITY_VERSION = 1;
				DYLIB_CURRENT_VERSION = 1;
				DYLIB_INSTALL_NAME_BASE = "@rpath";
				INFOPLIST_FILE = "$(SRCROOT)/PryntTrimmerView/Info.plist";
				INSTALL_PATH = "$(LOCAL_LIBRARY_DIR)/Frameworks";
				IPHONEOS_DEPLOYMENT_TARGET = 10.0;
				LD_RUNPATH_SEARCH_PATHS = (
					"$(inherited)",
					"@executable_path/Frameworks",
					"@loader_path/Frameworks",
				);
				PRODUCT_BUNDLE_IDENTIFIER = com.munkee.TrimmerView;
				PRODUCT_NAME = "$(TARGET_NAME:c99extidentifier)";
				SKIP_INSTALL = YES;
				SWIFT_VERSION = 5.0;
				TARGETED_DEVICE_FAMILY = "1,2";
			};
			name = Release;
		};
/* End XCBuildConfiguration section */

/* Begin XCConfigurationList section */
		26CF159722F98B97004743DD /* Build configuration list for PBXProject "TrimmerView" */ = {
			isa = XCConfigurationList;
			buildConfigurations = (
				26CF15A322F98B97004743DD /* Debug */,
				26CF15A422F98B97004743DD /* Release */,
			);
			defaultConfigurationIsVisible = 0;
			defaultConfigurationName = Release;
		};
		26CF15A522F98B97004743DD /* Build configuration list for PBXNativeTarget "TrimmerView" */ = {
			isa = XCConfigurationList;
			buildConfigurations = (
				26CF15A622F98B97004743DD /* Debug */,
				26CF15A722F98B97004743DD /* Release */,
			);
			defaultConfigurationIsVisible = 0;
			defaultConfigurationName = Release;
		};
/* End XCConfigurationList section */
	};
	rootObject = 26CF159422F98B97004743DD /* Project object */;
}
